
Microsoft Visual Studio Solution File, Format Version 12.00
# Visual Studio 15
VisualStudioVersion = 15.0.27130.2024
MinimumVisualStudioVersion = 10.0.40219.1
Project("{FAE04EC0-301F-11D3-BF4B-00C04F79EFBC}") = "Csharp_Collections_Fundamentals", "Csharp_Collections_Fundamentals\Csharp_Collections_Fundamentals.csproj", "{53018591-5555-43B7-B2E2-1AC44A44BDBE}"
EndProject
Project("{FAE04EC0-301F-11D3-BF4B-00C04F79EFBC}") = "CollectionsIntro", "CollectionsIntro\CollectionsIntro.csproj", "{96B9A1F7-2668-432A-9700-1C95DFBD88E5}"
EndProject
Project("{FAE04EC0-301F-11D3-BF4B-00C04F79EFBC}") = "InsideArrays", "InsideArrays\InsideArrays.csproj", "{B158CCFC-4496-49EA-991B-A1043E9688CE}"
EndProject
Global
	GlobalSection(SolutionConfigurationPlatforms) = preSolution
		Debug|Any CPU = Debug|Any CPU
		Release|Any CPU = Release|Any CPU
	EndGlobalSection
	GlobalSection(ProjectConfigurationPlatforms) = postSolution
		{53018591-5555-43B7-B2E2-1AC44A44BDBE}.Debug|Any CPU.ActiveCfg = Debug|Any CPU
		{53018591-5555-43B7-B2E2-1AC44A44BDBE}.Debug|Any CPU.Build.0 = Debug|Any CPU
		{53018591-5555-43B7-B2E2-1AC44A44BDBE}.Release|Any CPU.ActiveCfg = Release|Any CPU
		{53018591-5555-43B7-B2E2-1AC44A44BDBE}.Release|Any CPU.Build.0 = Release|Any CPU
		{96B9A1F7-2668-432A-9700-1C95DFBD88E5}.Debug|Any CPU.ActiveCfg = Debug|Any CPU
		{96B9A1F7-2668-432A-9700-1C95DFBD88E5}.Debug|Any CPU.Build.0 = Debug|Any CPU
		{96B9A1F7-2668-432A-9700-1C95DFBD88E5}.Release|Any CPU.ActiveCfg = Release|Any CPU
		{96B9A1F7-2668-432A-9700-1C95DFBD88E5}.Release|Any CPU.Build.0 = Release|Any CPU
		{B158CCFC-4496-49EA-991B-A1043E9688CE}.Debug|Any CPU.ActiveCfg = Debug|Any CPU
		{B158CCFC-4496-49EA-991B-A1043E9688CE}.Debug|Any CPU.Build.0 = Debug|Any CPU
		{B158CCFC-4496-49EA-991B-A1043E9688CE}.Release|Any CPU.ActiveCfg = Release|Any CPU
		{B158CCFC-4496-49EA-991B-A1043E9688CE}.Release|Any CPU.Build.0 = Release|Any CPU
	EndGlobalSection
	GlobalSection(SolutionProperties) = preSolution
		HideSolutionNode = FALSE
	EndGlobalSection
	GlobalSection(ExtensibilityGlobals) = postSolution
		SolutionGuid = {A31DA7E5-2D6F-4C7C-83B5-A8243238D119}
	EndGlobalSection
EndGlobal
